
Microsoft Visual Studio Solution File, Format Version 12.00
# Visual Studio Version 16
VisualStudioVersion = 16.0.28803.156
MinimumVisualStudioVersion = 10.0.40219.1
Project("{FAE04EC0-301F-11D3-BF4B-00C04F79EFBC}") = "Hotel", "Hotel\Hotel.csproj", "{1C417423-4E86-4E64-9AD7-4505A4E95F25}"
EndProject
Global
	GlobalSection(SolutionConfigurationPlatforms) = preSolution
		Debug|Any CPU = Debug|Any CPU
		Release|Any CPU = Release|Any CPU
	EndGlobalSection
	GlobalSection(ProjectConfigurationPlatforms) = postSolution
		{1C417423-4E86-4E64-9AD7-4505A4E95F25}.Debug|Any CPU.ActiveCfg = Debug|Any CPU
		{1C417423-4E86-4E64-9AD7-4505A4E95F25}.Debug|Any CPU.Build.0 = Debug|Any CPU
		{1C417423-4E86-4E64-9AD7-4505A4E95F25}.Release|Any CPU.ActiveCfg = Release|Any CPU
		{1C417423-4E86-4E64-9AD7-4505A4E95F25}.Release|Any CPU.Build.0 = Release|Any CPU
	EndGlobalSection
	GlobalSection(SolutionProperties) = preSolution
		HideSolutionNode = FALSE
	EndGlobalSection
	GlobalSection(ExtensibilityGlobals) = postSolution
		SolutionGuid = {B535D123-D036-456D-802D-9FD747B54FDA}
	EndGlobalSection
EndGlobal
